
Microsoft Visual Studio Solution File, Format Version 12.00
# Visual Studio 14
VisualStudioVersion = 14.0.24720.0
MinimumVisualStudioVersion = 10.0.40219.1
Project("{FAE04EC0-301F-11D3-BF4B-00C04F79EFBC}") = "WebAPI", "WebAPI\WebAPI.csproj", "{1713B7E7-9270-4E06-83AD-56D118CF6DD9}"
EndProject
Project("{2150E333-8FDC-42A3-9474-1A3956D46DE8}") = "PublishScripts", "PublishScripts", "{36F23CDA-CA61-4FA9-A572-82A0B271A2FD}"
EndProject
Project("{2150E333-8FDC-42A3-9474-1A3956D46DE8}") = "Scripts", "Scripts", "{F1F8A46B-DBA1-48C6-A556-5C53BFADF626}"
	ProjectSection(SolutionItems) = preProject
		PublishScripts\Scripts\Deploy-AzureResourceGroup.ps1 = PublishScripts\Scripts\Deploy-AzureResourceGroup.ps1
	EndProjectSection
EndProject
Project("{2150E333-8FDC-42A3-9474-1A3956D46DE8}") = "Templates", "Templates", "{E5C46C2D-11F7-4FA5-9192-421209D24508}"
	ProjectSection(SolutionItems) = preProject
		PublishScripts\Templates\WebAPI.json = PublishScripts\Templates\WebAPI.json
		PublishScripts\Templates\WebAPI.param.dev.json = PublishScripts\Templates\WebAPI.param.dev.json
	EndProjectSection
EndProject
Global
	GlobalSection(SolutionConfigurationPlatforms) = preSolution
		Debug|Any CPU = Debug|Any CPU
		Release|Any CPU = Release|Any CPU
	EndGlobalSection
	GlobalSection(ProjectConfigurationPlatforms) = postSolution
		{1713B7E7-9270-4E06-83AD-56D118CF6DD9}.Debug|Any CPU.ActiveCfg = Debug|Any CPU
		{1713B7E7-9270-4E06-83AD-56D118CF6DD9}.Debug|Any CPU.Build.0 = Debug|Any CPU
		{1713B7E7-9270-4E06-83AD-56D118CF6DD9}.Release|Any CPU.ActiveCfg = Release|Any CPU
		{1713B7E7-9270-4E06-83AD-56D118CF6DD9}.Release|Any CPU.Build.0 = Release|Any CPU
	EndGlobalSection
	GlobalSection(SolutionProperties) = preSolution
		HideSolutionNode = FALSE
	EndGlobalSection
	GlobalSection(NestedProjects) = preSolution
		{F1F8A46B-DBA1-48C6-A556-5C53BFADF626} = {36F23CDA-CA61-4FA9-A572-82A0B271A2FD}
		{E5C46C2D-11F7-4FA5-9192-421209D24508} = {36F23CDA-CA61-4FA9-A572-82A0B271A2FD}
	EndGlobalSection
EndGlobal
